// !$*UTF8*$!
{
	archiveVersion = 1;
	classes = {
	};
	objectVersion = 55;
	objects = {

/* Begin PBXBuildFile section */
		E21D22B928355440007D6E89 /* NutritionLabelClassifierTestDataCreatorApp.swift in Sources */ = {isa = PBXBuildFile; fileRef = E21D22A92835543F007D6E89 /* NutritionLabelClassifierTestDataCreatorApp.swift */; };
		E21D22BA28355440007D6E89 /* NutritionLabelClassifierTestDataCreatorApp.swift in Sources */ = {isa = PBXBuildFile; fileRef = E21D22A92835543F007D6E89 /* NutritionLabelClassifierTestDataCreatorApp.swift */; };
		E21D22BB28355440007D6E89 /* ContentView.swift in Sources */ = {isa = PBXBuildFile; fileRef = E21D22AA2835543F007D6E89 /* ContentView.swift */; };
		E21D22BC28355440007D6E89 /* ContentView.swift in Sources */ = {isa = PBXBuildFile; fileRef = E21D22AA2835543F007D6E89 /* ContentView.swift */; };
		E21D22BD28355440007D6E89 /* Assets.xcassets in Resources */ = {isa = PBXBuildFile; fileRef = E21D22AB28355440007D6E89 /* Assets.xcassets */; };
		E21D22BE28355440007D6E89 /* Assets.xcassets in Resources */ = {isa = PBXBuildFile; fileRef = E21D22AB28355440007D6E89 /* Assets.xcassets */; };
		E21D22C928355733007D6E89 /* VisionSugar in Frameworks */ = {isa = PBXBuildFile; productRef = E21D22C828355733007D6E89 /* VisionSugar */; };
		E21D22CC28355B3E007D6E89 /* SwiftSugar in Frameworks */ = {isa = PBXBuildFile; productRef = E21D22CB28355B3E007D6E89 /* SwiftSugar */; };
		E21D22CF28355BD4007D6E89 /* NutritionLabelClassifier in Frameworks */ = {isa = PBXBuildFile; productRef = E21D22CE28355BD4007D6E89 /* NutritionLabelClassifier */; };
/* End PBXBuildFile section */

/* Begin PBXFileReference section */
		E21D22A92835543F007D6E89 /* NutritionLabelClassifierTestDataCreatorApp.swift */ = {isa = PBXFileReference; lastKnownFileType = sourcecode.swift; path = NutritionLabelClassifierTestDataCreatorApp.swift; sourceTree = "<group>"; };
		E21D22AA2835543F007D6E89 /* ContentView.swift */ = {isa = PBXFileReference; lastKnownFileType = sourcecode.swift; path = ContentView.swift; sourceTree = "<group>"; };
		E21D22AB28355440007D6E89 /* Assets.xcassets */ = {isa = PBXFileReference; lastKnownFileType = folder.assetcatalog; path = Assets.xcassets; sourceTree = "<group>"; };
		E21D22B028355440007D6E89 /* NutritionLabelClassifierTestDataCreator.app */ = {isa = PBXFileReference; explicitFileType = wrapper.application; includeInIndex = 0; path = NutritionLabelClassifierTestDataCreator.app; sourceTree = BUILT_PRODUCTS_DIR; };
		E21D22B628355440007D6E89 /* NutritionLabelClassifierTestDataCreator.app */ = {isa = PBXFileReference; explicitFileType = wrapper.application; includeInIndex = 0; path = NutritionLabelClassifierTestDataCreator.app; sourceTree = BUILT_PRODUCTS_DIR; };
		E21D22B828355440007D6E89 /* macOS.entitlements */ = {isa = PBXFileReference; lastKnownFileType = text.plist.entitlements; path = macOS.entitlements; sourceTree = "<group>"; };
/* End PBXFileReference section */

/* Begin PBXFrameworksBuildPhase section */
		E21D22AD28355440007D6E89 /* Frameworks */ = {
			isa = PBXFrameworksBuildPhase;
			buildActionMask = 2147483647;
			files = (
				E21D22C928355733007D6E89 /* VisionSugar in Frameworks */,
				E21D22CF28355BD4007D6E89 /* NutritionLabelClassifier in Frameworks */,
				E21D22CC28355B3E007D6E89 /* SwiftSugar in Frameworks */,
			);
			runOnlyForDeploymentPostprocessing = 0;
		};
		E21D22B328355440007D6E89 /* Frameworks */ = {
			isa = PBXFrameworksBuildPhase;
			buildActionMask = 2147483647;
			files = (
			);
			runOnlyForDeploymentPostprocessing = 0;
		};
/* End PBXFrameworksBuildPhase section */

/* Begin PBXGroup section */
		E21D22A32835543F007D6E89 = {
			isa = PBXGroup;
			children = (
				E21D22A82835543F007D6E89 /* Shared */,
				E21D22B728355440007D6E89 /* macOS */,
				E21D22B128355440007D6E89 /* Products */,
			);
			sourceTree = "<group>";
		};
		E21D22A82835543F007D6E89 /* Shared */ = {
			isa = PBXGroup;
			children = (
				E21D22A92835543F007D6E89 /* NutritionLabelClassifierTestDataCreatorApp.swift */,
				E21D22AA2835543F007D6E89 /* ContentView.swift */,
				E21D22AB28355440007D6E89 /* Assets.xcassets */,
			);
			path = Shared;
			sourceTree = "<group>";
		};
		E21D22B128355440007D6E89 /* Products */ = {
			isa = PBXGroup;
			children = (
				E21D22B028355440007D6E89 /* NutritionLabelClassifierTestDataCreator.app */,
				E21D22B628355440007D6E89 /* NutritionLabelClassifierTestDataCreator.app */,
			);
			name = Products;
			sourceTree = "<group>";
		};
		E21D22B728355440007D6E89 /* macOS */ = {
			isa = PBXGroup;
			children = (
				E21D22B828355440007D6E89 /* macOS.entitlements */,
			);
			path = macOS;
			sourceTree = "<group>";
		};
/* End PBXGroup section */

/* Begin PBXNativeTarget section */
		E21D22AF28355440007D6E89 /* NutritionLabelClassifierTestDataCreator (iOS) */ = {
			isa = PBXNativeTarget;
			buildConfigurationList = E21D22C128355440007D6E89 /* Build configuration list for PBXNativeTarget "NutritionLabelClassifierTestDataCreator (iOS)" */;
			buildPhases = (
				E21D22AC28355440007D6E89 /* Sources */,
				E21D22AD28355440007D6E89 /* Frameworks */,
				E21D22AE28355440007D6E89 /* Resources */,
			);
			buildRules = (
			);
			dependencies = (
			);
			name = "NutritionLabelClassifierTestDataCreator (iOS)";
			packageProductDependencies = (
				E21D22C828355733007D6E89 /* VisionSugar */,
				E21D22CB28355B3E007D6E89 /* SwiftSugar */,
				E21D22CE28355BD4007D6E89 /* NutritionLabelClassifier */,
			);
			productName = "NutritionLabelClassifierTestDataCreator (iOS)";
			productReference = E21D22B028355440007D6E89 /* NutritionLabelClassifierTestDataCreator.app */;
			productType = "com.apple.product-type.application";
		};
		E21D22B528355440007D6E89 /* NutritionLabelClassifierTestDataCreator (macOS) */ = {
			isa = PBXNativeTarget;
			buildConfigurationList = E21D22C428355440007D6E89 /* Build configuration list for PBXNativeTarget "NutritionLabelClassifierTestDataCreator (macOS)" */;
			buildPhases = (
				E21D22B228355440007D6E89 /* Sources */,
				E21D22B328355440007D6E89 /* Frameworks */,
				E21D22B428355440007D6E89 /* Resources */,
			);
			buildRules = (
			);
			dependencies = (
			);
			name = "NutritionLabelClassifierTestDataCreator (macOS)";
			productName = "NutritionLabelClassifierTestDataCreator (macOS)";
			productReference = E21D22B628355440007D6E89 /* NutritionLabelClassifierTestDataCreator.app */;
			productType = "com.apple.product-type.application";
		};
/* End PBXNativeTarget section */

/* Begin PBXProject section */
		E21D22A42835543F007D6E89 /* Project object */ = {
			isa = PBXProject;
			attributes = {
				BuildIndependentTargetsInParallel = 1;
				LastSwiftUpdateCheck = 1330;
				LastUpgradeCheck = 1330;
				TargetAttributes = {
					E21D22AF28355440007D6E89 = {
						CreatedOnToolsVersion = 13.3.1;
					};
					E21D22B528355440007D6E89 = {
						CreatedOnToolsVersion = 13.3.1;
					};
				};
			};
			buildConfigurationList = E21D22A72835543F007D6E89 /* Build configuration list for PBXProject "NutritionLabelClassifierTestDataCreator" */;
			compatibilityVersion = "Xcode 13.0";
			developmentRegion = en;
			hasScannedForEncodings = 0;
			knownRegions = (
				en,
				Base,
			);
			mainGroup = E21D22A32835543F007D6E89;
			packageReferences = (
				E21D22C728355733007D6E89 /* XCRemoteSwiftPackageReference "VisionSugar" */,
				E21D22CA28355B3E007D6E89 /* XCRemoteSwiftPackageReference "SwiftSugar" */,
				E21D22CD28355BD4007D6E89 /* XCRemoteSwiftPackageReference "NutritionLabelClassifier" */,
			);
			productRefGroup = E21D22B128355440007D6E89 /* Products */;
			projectDirPath = "";
			projectRoot = "";
			targets = (
				E21D22AF28355440007D6E89 /* NutritionLabelClassifierTestDataCreator (iOS) */,
				E21D22B528355440007D6E89 /* NutritionLabelClassifierTestDataCreator (macOS) */,
			);
		};
/* End PBXProject section */

/* Begin PBXResourcesBuildPhase section */
		E21D22AE28355440007D6E89 /* Resources */ = {
			isa = PBXResourcesBuildPhase;
			buildActionMask = 2147483647;
			files = (
				E21D22BD28355440007D6E89 /* Assets.xcassets in Resources */,
			);
			runOnlyForDeploymentPostprocessing = 0;
		};
		E21D22B428355440007D6E89 /* Resources */ = {
			isa = PBXResourcesBuildPhase;
			buildActionMask = 2147483647;
			files = (
				E21D22BE28355440007D6E89 /* Assets.xcassets in Resources */,
			);
			runOnlyForDeploymentPostprocessing = 0;
		};
/* End PBXResourcesBuildPhase section */

/* Begin PBXSourcesBuildPhase section */
		E21D22AC28355440007D6E89 /* Sources */ = {
			isa = PBXSourcesBuildPhase;
			buildActionMask = 2147483647;
			files = (
				E21D22BB28355440007D6E89 /* ContentView.swift in Sources */,
				E21D22B928355440007D6E89 /* NutritionLabelClassifierTestDataCreatorApp.swift in Sources */,
			);
			runOnlyForDeploymentPostprocessing = 0;
		};
		E21D22B228355440007D6E89 /* Sources */ = {
			isa = PBXSourcesBuildPhase;
			buildActionMask = 2147483647;
			files = (
				E21D22BC28355440007D6E89 /* ContentView.swift in Sources */,
				E21D22BA28355440007D6E89 /* NutritionLabelClassifierTestDataCreatorApp.swift in Sources */,
			);
			runOnlyForDeploymentPostprocessing = 0;
		};
/* End PBXSourcesBuildPhase section */

/* Begin XCBuildConfiguration section */
		E21D22BF28355440007D6E89 /* Debug */ = {
			isa = XCBuildConfiguration;
			buildSettings = {
				ALWAYS_SEARCH_USER_PATHS = NO;
				CLANG_ANALYZER_NONNULL = YES;
				CLANG_ANALYZER_NUMBER_OBJECT_CONVERSION = YES_AGGRESSIVE;
				CLANG_CXX_LANGUAGE_STANDARD = "gnu++17";
				CLANG_ENABLE_MODULES = YES;
				CLANG_ENABLE_OBJC_ARC = YES;
				CLANG_ENABLE_OBJC_WEAK = YES;
				CLANG_WARN_BLOCK_CAPTURE_AUTORELEASING = YES;
				CLANG_WARN_BOOL_CONVERSION = YES;
				CLANG_WARN_COMMA = YES;
				CLANG_WARN_CONSTANT_CONVERSION = YES;
				CLANG_WARN_DEPRECATED_OBJC_IMPLEMENTATIONS = YES;
				CLANG_WARN_DIRECT_OBJC_ISA_USAGE = YES_ERROR;
				CLANG_WARN_DOCUMENTATION_COMMENTS = YES;
				CLANG_WARN_EMPTY_BODY = YES;
				CLANG_WARN_ENUM_CONVERSION = YES;
				CLANG_WARN_INFINITE_RECURSION = YES;
				CLANG_WARN_INT_CONVERSION = YES;
				CLANG_WARN_NON_LITERAL_NULL_CONVERSION = YES;
				CLANG_WARN_OBJC_IMPLICIT_RETAIN_SELF = YES;
				CLANG_WARN_OBJC_LITERAL_CONVERSION = YES;
				CLANG_WARN_OBJC_ROOT_CLASS = YES_ERROR;
				CLANG_WARN_QUOTED_INCLUDE_IN_FRAMEWORK_HEADER = YES;
				CLANG_WARN_RANGE_LOOP_ANALYSIS = YES;
				CLANG_WARN_STRICT_PROTOTYPES = YES;
				CLANG_WARN_SUSPICIOUS_MOVE = YES;
				CLANG_WARN_UNGUARDED_AVAILABILITY = YES_AGGRESSIVE;
				CLANG_WARN_UNREACHABLE_CODE = YES;
				CLANG_WARN__DUPLICATE_METHOD_MATCH = YES;
				COPY_PHASE_STRIP = NO;
				DEBUG_INFORMATION_FORMAT = dwarf;
				ENABLE_STRICT_OBJC_MSGSEND = YES;
				ENABLE_TESTABILITY = YES;
				GCC_C_LANGUAGE_STANDARD = gnu11;
				GCC_DYNAMIC_NO_PIC = NO;
				GCC_NO_COMMON_BLOCKS = YES;
				GCC_OPTIMIZATION_LEVEL = 0;
				GCC_PREPROCESSOR_DEFINITIONS = (
					"DEBUG=1",
					"$(inherited)",
				);
				GCC_WARN_64_TO_32_BIT_CONVERSION = YES;
				GCC_WARN_ABOUT_RETURN_TYPE = YES_ERROR;
				GCC_WARN_UNDECLARED_SELECTOR = YES;
				GCC_WARN_UNINITIALIZED_AUTOS = YES_AGGRESSIVE;
				GCC_WARN_UNUSED_FUNCTION = YES;
				GCC_WARN_UNUSED_VARIABLE = YES;
				MTL_ENABLE_DEBUG_INFO = INCLUDE_SOURCE;
				MTL_FAST_MATH = YES;
				ONLY_ACTIVE_ARCH = YES;
				SWIFT_ACTIVE_COMPILATION_CONDITIONS = DEBUG;
				SWIFT_OPTIMIZATION_LEVEL = "-Onone";
			};
			name = Debug;
		};
		E21D22C028355440007D6E89 /* Release */ = {
			isa = XCBuildConfiguration;
			buildSettings = {
				ALWAYS_SEARCH_USER_PATHS = NO;
				CLANG_ANALYZER_NONNULL = YES;
				CLANG_ANALYZER_NUMBER_OBJECT_CONVERSION = YES_AGGRESSIVE;
				CLANG_CXX_LANGUAGE_STANDARD = "gnu++17";
				CLANG_ENABLE_MODULES = YES;
				CLANG_ENABLE_OBJC_ARC = YES;
				CLANG_ENABLE_OBJC_WEAK = YES;
				CLANG_WARN_BLOCK_CAPTURE_AUTORELEASING = YES;
				CLANG_WARN_BOOL_CONVERSION = YES;
				CLANG_WARN_COMMA = YES;
				CLANG_WARN_CONSTANT_CONVERSION = YES;
				CLANG_WARN_DEPRECATED_OBJC_IMPLEMENTATIONS = YES;
				CLANG_WARN_DIRECT_OBJC_ISA_USAGE = YES_ERROR;
				CLANG_WARN_DOCUMENTATION_COMMENTS = YES;
				CLANG_WARN_EMPTY_BODY = YES;
				CLANG_WARN_ENUM_CONVERSION = YES;
				CLANG_WARN_INFINITE_RECURSION = YES;
				CLANG_WARN_INT_CONVERSION = YES;
				CLANG_WARN_NON_LITERAL_NULL_CONVERSION = YES;
				CLANG_WARN_OBJC_IMPLICIT_RETAIN_SELF = YES;
				CLANG_WARN_OBJC_LITERAL_CONVERSION = YES;
				CLANG_WARN_OBJC_ROOT_CLASS = YES_ERROR;
				CLANG_WARN_QUOTED_INCLUDE_IN_FRAMEWORK_HEADER = YES;
				CLANG_WARN_RANGE_LOOP_ANALYSIS = YES;
				CLANG_WARN_STRICT_PROTOTYPES = YES;
				CLANG_WARN_SUSPICIOUS_MOVE = YES;
				CLANG_WARN_UNGUARDED_AVAILABILITY = YES_AGGRESSIVE;
				CLANG_WARN_UNREACHABLE_CODE = YES;
				CLANG_WARN__DUPLICATE_METHOD_MATCH = YES;
				COPY_PHASE_STRIP = NO;
				DEBUG_INFORMATION_FORMAT = "dwarf-with-dsym";
				ENABLE_NS_ASSERTIONS = NO;
				ENABLE_STRICT_OBJC_MSGSEND = YES;
				GCC_C_LANGUAGE_STANDARD = gnu11;
				GCC_NO_COMMON_BLOCKS = YES;
				GCC_WARN_64_TO_32_BIT_CONVERSION = YES;
				GCC_WARN_ABOUT_RETURN_TYPE = YES_ERROR;
				GCC_WARN_UNDECLARED_SELECTOR = YES;
				GCC_WARN_UNINITIALIZED_AUTOS = YES_AGGRESSIVE;
				GCC_WARN_UNUSED_FUNCTION = YES;
				GCC_WARN_UNUSED_VARIABLE = YES;
				MTL_ENABLE_DEBUG_INFO = NO;
				MTL_FAST_MATH = YES;
				SWIFT_COMPILATION_MODE = wholemodule;
				SWIFT_OPTIMIZATION_LEVEL = "-O";
			};
			name = Release;
		};
		E21D22C228355440007D6E89 /* Debug */ = {
			isa = XCBuildConfiguration;
			buildSettings = {
				ASSETCATALOG_COMPILER_APPICON_NAME = AppIcon;
				ASSETCATALOG_COMPILER_GLOBAL_ACCENT_COLOR_NAME = AccentColor;
				CODE_SIGN_STYLE = Automatic;
				CURRENT_PROJECT_VERSION = 1;
				DEVELOPMENT_TEAM = 3EQ4PU3P2V;
				ENABLE_PREVIEWS = YES;
				GENERATE_INFOPLIST_FILE = YES;
				INFOPLIST_KEY_UIApplicationSceneManifest_Generation = YES;
				INFOPLIST_KEY_UIApplicationSupportsIndirectInputEvents = YES;
				INFOPLIST_KEY_UILaunchScreen_Generation = YES;
				INFOPLIST_KEY_UISupportedInterfaceOrientations_iPad = "UIInterfaceOrientationPortrait UIInterfaceOrientationPortraitUpsideDown UIInterfaceOrientationLandscapeLeft UIInterfaceOrientationLandscapeRight";
				INFOPLIST_KEY_UISupportedInterfaceOrientations_iPhone = "UIInterfaceOrientationPortrait UIInterfaceOrientationLandscapeLeft UIInterfaceOrientationLandscapeRight";
				IPHONEOS_DEPLOYMENT_TARGET = 15.4;
				LD_RUNPATH_SEARCH_PATHS = (
					"$(inherited)",
					"@executable_path/Frameworks",
				);
				MARKETING_VERSION = 1.0;
				PRODUCT_BUNDLE_IDENTIFIER = com.pxlshpr.NutritionLabelClassifierTestDataCreator;
				PRODUCT_NAME = NutritionLabelClassifierTestDataCreator;
				SDKROOT = iphoneos;
				SWIFT_EMIT_LOC_STRINGS = YES;
				SWIFT_VERSION = 5.0;
				TARGETED_DEVICE_FAMILY = "1,2";
			};
			name = Debug;
		};
		E21D22C328355440007D6E89 /* Release */ = {
			isa = XCBuildConfiguration;
			buildSettings = {
				ASSETCATALOG_COMPILER_APPICON_NAME = AppIcon;
				ASSETCATALOG_COMPILER_GLOBAL_ACCENT_COLOR_NAME = AccentColor;
				CODE_SIGN_STYLE = Automatic;
				CURRENT_PROJECT_VERSION = 1;
				DEVELOPMENT_TEAM = 3EQ4PU3P2V;
				ENABLE_PREVIEWS = YES;
				GENERATE_INFOPLIST_FILE = YES;
				INFOPLIST_KEY_UIApplicationSceneManifest_Generation = YES;
				INFOPLIST_KEY_UIApplicationSupportsIndirectInputEvents = YES;
				INFOPLIST_KEY_UILaunchScreen_Generation = YES;
				INFOPLIST_KEY_UISupportedInterfaceOrientations_iPad = "UIInterfaceOrientationPortrait UIInterfaceOrientationPortraitUpsideDown UIInterfaceOrientationLandscapeLeft UIInterfaceOrientationLandscapeRight";
				INFOPLIST_KEY_UISupportedInterfaceOrientations_iPhone = "UIInterfaceOrientationPortrait UIInterfaceOrientationLandscapeLeft UIInterfaceOrientationLandscapeRight";
				IPHONEOS_DEPLOYMENT_TARGET = 15.4;
				LD_RUNPATH_SEARCH_PATHS = (
					"$(inherited)",
					"@executable_path/Frameworks",
				);
				MARKETING_VERSION = 1.0;
				PRODUCT_BUNDLE_IDENTIFIER = com.pxlshpr.NutritionLabelClassifierTestDataCreator;
				PRODUCT_NAME = NutritionLabelClassifierTestDataCreator;
				SDKROOT = iphoneos;
				SWIFT_EMIT_LOC_STRINGS = YES;
				SWIFT_VERSION = 5.0;
				TARGETED_DEVICE_FAMILY = "1,2";
				VALIDATE_PRODUCT = YES;
			};
			name = Release;
		};
		E21D22C528355440007D6E89 /* Debug */ = {
			isa = XCBuildConfiguration;
			buildSettings = {
				ASSETCATALOG_COMPILER_APPICON_NAME = AppIcon;
				ASSETCATALOG_COMPILER_GLOBAL_ACCENT_COLOR_NAME = AccentColor;
				CODE_SIGN_ENTITLEMENTS = macOS/macOS.entitlements;
				CODE_SIGN_STYLE = Automatic;
				COMBINE_HIDPI_IMAGES = YES;
				CURRENT_PROJECT_VERSION = 1;
				DEVELOPMENT_TEAM = 3EQ4PU3P2V;
				ENABLE_HARDENED_RUNTIME = YES;
				ENABLE_PREVIEWS = YES;
				GENERATE_INFOPLIST_FILE = YES;
				INFOPLIST_KEY_NSHumanReadableCopyright = "";
				LD_RUNPATH_SEARCH_PATHS = (
					"$(inherited)",
					"@executable_path/../Frameworks",
				);
				MACOSX_DEPLOYMENT_TARGET = 12.0;
				MARKETING_VERSION = 1.0;
				PRODUCT_BUNDLE_IDENTIFIER = com.pxlshpr.NutritionLabelClassifierTestDataCreator;
				PRODUCT_NAME = NutritionLabelClassifierTestDataCreator;
				SDKROOT = macosx;
				SWIFT_EMIT_LOC_STRINGS = YES;
				SWIFT_VERSION = 5.0;
			};
			name = Debug;
		};
		E21D22C628355440007D6E89 /* Release */ = {
			isa = XCBuildConfiguration;
			buildSettings = {
				ASSETCATALOG_COMPILER_APPICON_NAME = AppIcon;
				ASSETCATALOG_COMPILER_GLOBAL_ACCENT_COLOR_NAME = AccentColor;
				CODE_SIGN_ENTITLEMENTS = macOS/macOS.entitlements;
				CODE_SIGN_STYLE = Automatic;
				COMBINE_HIDPI_IMAGES = YES;
				CURRENT_PROJECT_VERSION = 1;
				DEVELOPMENT_TEAM = 3EQ4PU3P2V;
				ENABLE_HARDENED_RUNTIME = YES;
				ENABLE_PREVIEWS = YES;
				GENERATE_INFOPLIST_FILE = YES;
				INFOPLIST_KEY_NSHumanReadableCopyright = "";
				LD_RUNPATH_SEARCH_PATHS = (
					"$(inherited)",
					"@executable_path/../Frameworks",
				);
				MACOSX_DEPLOYMENT_TARGET = 12.0;
				MARKETING_VERSION = 1.0;
				PRODUCT_BUNDLE_IDENTIFIER = com.pxlshpr.NutritionLabelClassifierTestDataCreator;
				PRODUCT_NAME = NutritionLabelClassifierTestDataCreator;
				SDKROOT = macosx;
				SWIFT_EMIT_LOC_STRINGS = YES;
				SWIFT_VERSION = 5.0;
			};
			name = Release;
		};
/* End XCBuildConfiguration section */

/* Begin XCConfigurationList section */
		E21D22A72835543F007D6E89 /* Build configuration list for PBXProject "NutritionLabelClassifierTestDataCreator" */ = {
			isa = XCConfigurationList;
			buildConfigurations = (
				E21D22BF28355440007D6E89 /* Debug */,
				E21D22C028355440007D6E89 /* Release */,
			);
			defaultConfigurationIsVisible = 0;
			defaultConfigurationName = Release;
		};
		E21D22C128355440007D6E89 /* Build configuration list for PBXNativeTarget "NutritionLabelClassifierTestDataCreator (iOS)" */ = {
			isa = XCConfigurationList;
			buildConfigurations = (
				E21D22C228355440007D6E89 /* Debug */,
				E21D22C328355440007D6E89 /* Release */,
			);
			defaultConfigurationIsVisible = 0;
			defaultConfigurationName = Release;
		};
		E21D22C428355440007D6E89 /* Build configuration list for PBXNativeTarget "NutritionLabelClassifierTestDataCreator (macOS)" */ = {
			isa = XCConfigurationList;
			buildConfigurations = (
				E21D22C528355440007D6E89 /* Debug */,
				E21D22C628355440007D6E89 /* Release */,
			);
			defaultConfigurationIsVisible = 0;
			defaultConfigurationName = Release;
		};
/* End XCConfigurationList section */

/* Begin XCRemoteSwiftPackageReference section */
		E21D22C728355733007D6E89 /* XCRemoteSwiftPackageReference "VisionSugar" */ = {
			isa = XCRemoteSwiftPackageReference;
			repositoryURL = "https://github.com/pxlshpr/VisionSugar.git";
			requirement = {
				branch = main;
				kind = branch;
			};
		};
		E21D22CA28355B3E007D6E89 /* XCRemoteSwiftPackageReference "SwiftSugar" */ = {
			isa = XCRemoteSwiftPackageReference;
			repositoryURL = "https://github.com/pxlshpr/SwiftSugar";
			requirement = {
				branch = main;
				kind = branch;
			};
		};
		E21D22CD28355BD4007D6E89 /* XCRemoteSwiftPackageReference "NutritionLabelClassifier" */ = {
			isa = XCRemoteSwiftPackageReference;
			repositoryURL = "https://github.com/pxlshpr/NutritionLabelClassifier.git";
			requirement = {
				branch = main;
				kind = branch;
			};
		};
/* End XCRemoteSwiftPackageReference section */

/* Begin XCSwiftPackageProductDependency section */
		E21D22C828355733007D6E89 /* VisionSugar */ = {
			isa = XCSwiftPackageProductDependency;
			package = E21D22C728355733007D6E89 /* XCRemoteSwiftPackageReference "VisionSugar" */;
			productName = VisionSugar;
		};
		E21D22CB28355B3E007D6E89 /* SwiftSugar */ = {
			isa = XCSwiftPackageProductDependency;
			package = E21D22CA28355B3E007D6E89 /* XCRemoteSwiftPackageReference "SwiftSugar" */;
			productName = SwiftSugar;
		};
		E21D22CE28355BD4007D6E89 /* NutritionLabelClassifier */ = {
			isa = XCSwiftPackageProductDependency;
			package = E21D22CD28355BD4007D6E89 /* XCRemoteSwiftPackageReference "NutritionLabelClassifier" */;
			productName = NutritionLabelClassifier;
		};
/* End XCSwiftPackageProductDependency section */
	};
	rootObject = E21D22A42835543F007D6E89 /* Project object */;
}
